
Microsoft Visual Studio Solution File, Format Version 12.00
# Visual Studio Version 16
VisualStudioVersion = 16.0.30711.63
MinimumVisualStudioVersion = 10.0.40219.1
Project("{9A19103F-16F7-4668-BE54-9A1E7A4F7556}") = "MSSQL_EF_Core_App", "EF_BeaversLife\MSSQL_EF_Core_App.csproj", "{6B9E9449-E2C6-49A8-99A5-1C8ACB0F7405}"
EndProject
Project("{9A19103F-16F7-4668-BE54-9A1E7A4F7556}") = "MSSQL_EF_Core_Lib", "CoreLib_Common\MSSQL_EF_Core_Lib.csproj", "{5E13DFF7-CD36-4CD6-B3B6-FF489A9A51E7}"
EndProject
Project("{FAE04EC0-301F-11D3-BF4B-00C04F79EFBC}") = "MSSQL_EF_Framework_Lib", "FrameworkLib_Common\MSSQL_EF_Framework_Lib.csproj", "{4B00E9CE-FE51-4222-ADED-755E83F0CB70}"
EndProject
Project("{FAE04EC0-301F-11D3-BF4B-00C04F79EFBC}") = "MSSQL_EF_Framework_App", "EF_BeaversLife_Framework\MSSQL_EF_Framework_App.csproj", "{128A6572-F3EE-4263-9E3B-CD46D10A9D1D}"
EndProject
Project("{778DAE3C-4631-46EA-AA77-85C1314464D9}") = "MSSQL_EF_Core_Lib_VB", "VBLib_Common\MSSQL_EF_Core_Lib_VB.vbproj", "{8AA16203-91CA-4E3D-BEDA-0C45BC15AD1E}"
EndProject
Project("{778DAE3C-4631-46EA-AA77-85C1314464D9}") = "MSSQL_EF_Core_App_VB", "VB_App\MSSQL_EF_Core_App_VB.vbproj", "{31C036CC-6211-4983-A11F-F56B664DEA6E}"
EndProject
Project("{9A19103F-16F7-4668-BE54-9A1E7A4F7556}") = "MSSQL_EF_Core_MultiLib", "CoteMultiLib\MSSQL_EF_Core_MultiLib.csproj", "{23E74E90-F14E-471D-8E94-1EFCFF92FA82}"
EndProject
Project("{9A19103F-16F7-4668-BE54-9A1E7A4F7556}") = "MSSQL_EF_Core_MultiApp", "MultiApp\MSSQL_EF_Core_MultiApp.csproj", "{8D5EE17E-426B-4E05-BBA0-B9FBCD3636B7}"
EndProject
Project("{2150E333-8FDC-42A3-9474-1A3956D46DE8}") = "MSSQL_EF", "MSSQL_EF", "{6C0DC637-F477-4A98-A1B1-6799F01CE441}"
EndProject
Project("{2150E333-8FDC-42A3-9474-1A3956D46DE8}") = "MSSQL_No_ORM", "MSSQL_No_ORM", "{2F7AE032-F372-4414-AD5B-523BD658E109}"
EndProject
Project("{FAE04EC0-301F-11D3-BF4B-00C04F79EFBC}") = "MSSQL_App", "MSSQL_App\MSSQL_App.csproj", "{1788F0D6-440F-4C2F-85AE-77C4FC93076D}"
EndProject
Project("{2150E333-8FDC-42A3-9474-1A3956D46DE8}") = "Oracle_No_ORM", "Oracle_No_ORM", "{879BEAD8-3C66-493F-9426-CE34A3D2CFE3}"
EndProject
Project("{FAE04EC0-301F-11D3-BF4B-00C04F79EFBC}") = "Oracle_App", "Oracle_App\Oracle_App.csproj", "{5BA44DBE-6561-4C1D-9DC7-5A4C829C6849}"
EndProject
Project("{2150E333-8FDC-42A3-9474-1A3956D46DE8}") = "MySql_No_ORM", "MySql_No_ORM", "{C478C745-4692-4718-8BEF-92C8BEF66490}"
EndProject
Project("{FAE04EC0-301F-11D3-BF4B-00C04F79EFBC}") = "MySql_App", "MySql_App\MySql_App.csproj", "{C66AD1AB-2E51-488C-AD73-F0A604ABA1D2}"
EndProject
Project("{2150E333-8FDC-42A3-9474-1A3956D46DE8}") = "MSSQL_Dapper", "MSSQL_Dapper", "{F8211B78-8D9D-421F-AB96-34626A6354DF}"
EndProject
Project("{FAE04EC0-301F-11D3-BF4B-00C04F79EFBC}") = "MSSQL_Dapper_App", "MSSQL_Dapper_App\MSSQL_Dapper_App.csproj", "{6D78B91C-AB6F-4FD0-9B18-344C4F455217}"
EndProject
Global
	GlobalSection(SolutionConfigurationPlatforms) = preSolution
		Debug|Any CPU = Debug|Any CPU
		Release|Any CPU = Release|Any CPU
	EndGlobalSection
	GlobalSection(ProjectConfigurationPlatforms) = postSolution
		{6B9E9449-E2C6-49A8-99A5-1C8ACB0F7405}.Debug|Any CPU.ActiveCfg = Debug|Any CPU
		{6B9E9449-E2C6-49A8-99A5-1C8ACB0F7405}.Debug|Any CPU.Build.0 = Debug|Any CPU
		{6B9E9449-E2C6-49A8-99A5-1C8ACB0F7405}.Release|Any CPU.ActiveCfg = Release|Any CPU
		{6B9E9449-E2C6-49A8-99A5-1C8ACB0F7405}.Release|Any CPU.Build.0 = Release|Any CPU
		{5E13DFF7-CD36-4CD6-B3B6-FF489A9A51E7}.Debug|Any CPU.ActiveCfg = Debug|Any CPU
		{5E13DFF7-CD36-4CD6-B3B6-FF489A9A51E7}.Debug|Any CPU.Build.0 = Debug|Any CPU
		{5E13DFF7-CD36-4CD6-B3B6-FF489A9A51E7}.Release|Any CPU.ActiveCfg = Release|Any CPU
		{5E13DFF7-CD36-4CD6-B3B6-FF489A9A51E7}.Release|Any CPU.Build.0 = Release|Any CPU
		{4B00E9CE-FE51-4222-ADED-755E83F0CB70}.Debug|Any CPU.ActiveCfg = Debug|Any CPU
		{4B00E9CE-FE51-4222-ADED-755E83F0CB70}.Debug|Any CPU.Build.0 = Debug|Any CPU
		{4B00E9CE-FE51-4222-ADED-755E83F0CB70}.Release|Any CPU.ActiveCfg = Release|Any CPU
		{4B00E9CE-FE51-4222-ADED-755E83F0CB70}.Release|Any CPU.Build.0 = Release|Any CPU
		{128A6572-F3EE-4263-9E3B-CD46D10A9D1D}.Debug|Any CPU.ActiveCfg = Debug|Any CPU
		{128A6572-F3EE-4263-9E3B-CD46D10A9D1D}.Debug|Any CPU.Build.0 = Debug|Any CPU
		{128A6572-F3EE-4263-9E3B-CD46D10A9D1D}.Release|Any CPU.ActiveCfg = Release|Any CPU
		{128A6572-F3EE-4263-9E3B-CD46D10A9D1D}.Release|Any CPU.Build.0 = Release|Any CPU
		{8AA16203-91CA-4E3D-BEDA-0C45BC15AD1E}.Debug|Any CPU.ActiveCfg = Debug|Any CPU
		{8AA16203-91CA-4E3D-BEDA-0C45BC15AD1E}.Debug|Any CPU.Build.0 = Debug|Any CPU
		{8AA16203-91CA-4E3D-BEDA-0C45BC15AD1E}.Release|Any CPU.ActiveCfg = Release|Any CPU
		{8AA16203-91CA-4E3D-BEDA-0C45BC15AD1E}.Release|Any CPU.Build.0 = Release|Any CPU
		{31C036CC-6211-4983-A11F-F56B664DEA6E}.Debug|Any CPU.ActiveCfg = Debug|Any CPU
		{31C036CC-6211-4983-A11F-F56B664DEA6E}.Debug|Any CPU.Build.0 = Debug|Any CPU
		{31C036CC-6211-4983-A11F-F56B664DEA6E}.Release|Any CPU.ActiveCfg = Release|Any CPU
		{31C036CC-6211-4983-A11F-F56B664DEA6E}.Release|Any CPU.Build.0 = Release|Any CPU
		{23E74E90-F14E-471D-8E94-1EFCFF92FA82}.Debug|Any CPU.ActiveCfg = Debug|Any CPU
		{23E74E90-F14E-471D-8E94-1EFCFF92FA82}.Debug|Any CPU.Build.0 = Debug|Any CPU
		{23E74E90-F14E-471D-8E94-1EFCFF92FA82}.Release|Any CPU.ActiveCfg = Release|Any CPU
		{23E74E90-F14E-471D-8E94-1EFCFF92FA82}.Release|Any CPU.Build.0 = Release|Any CPU
		{8D5EE17E-426B-4E05-BBA0-B9FBCD3636B7}.Debug|Any CPU.ActiveCfg = Debug|Any CPU
		{8D5EE17E-426B-4E05-BBA0-B9FBCD3636B7}.Debug|Any CPU.Build.0 = Debug|Any CPU
		{8D5EE17E-426B-4E05-BBA0-B9FBCD3636B7}.Release|Any CPU.ActiveCfg = Release|Any CPU
		{8D5EE17E-426B-4E05-BBA0-B9FBCD3636B7}.Release|Any CPU.Build.0 = Release|Any CPU
		{1788F0D6-440F-4C2F-85AE-77C4FC93076D}.Debug|Any CPU.ActiveCfg = Debug|Any CPU
		{1788F0D6-440F-4C2F-85AE-77C4FC93076D}.Debug|Any CPU.Build.0 = Debug|Any CPU
		{1788F0D6-440F-4C2F-85AE-77C4FC93076D}.Release|Any CPU.ActiveCfg = Release|Any CPU
		{1788F0D6-440F-4C2F-85AE-77C4FC93076D}.Release|Any CPU.Build.0 = Release|Any CPU
		{5BA44DBE-6561-4C1D-9DC7-5A4C829C6849}.Debug|Any CPU.ActiveCfg = Debug|Any CPU
		{5BA44DBE-6561-4C1D-9DC7-5A4C829C6849}.Debug|Any CPU.Build.0 = Debug|Any CPU
		{5BA44DBE-6561-4C1D-9DC7-5A4C829C6849}.Release|Any CPU.ActiveCfg = Release|Any CPU
		{5BA44DBE-6561-4C1D-9DC7-5A4C829C6849}.Release|Any CPU.Build.0 = Release|Any CPU
		{C66AD1AB-2E51-488C-AD73-F0A604ABA1D2}.Debug|Any CPU.ActiveCfg = Debug|Any CPU
		{C66AD1AB-2E51-488C-AD73-F0A604ABA1D2}.Debug|Any CPU.Build.0 = Debug|Any CPU
		{C66AD1AB-2E51-488C-AD73-F0A604ABA1D2}.Release|Any CPU.ActiveCfg = Release|Any CPU
		{C66AD1AB-2E51-488C-AD73-F0A604ABA1D2}.Release|Any CPU.Build.0 = Release|Any CPU
		{6D78B91C-AB6F-4FD0-9B18-344C4F455217}.Debug|Any CPU.ActiveCfg = Debug|Any CPU
		{6D78B91C-AB6F-4FD0-9B18-344C4F455217}.Debug|Any CPU.Build.0 = Debug|Any CPU
		{6D78B91C-AB6F-4FD0-9B18-344C4F455217}.Release|Any CPU.ActiveCfg = Release|Any CPU
		{6D78B91C-AB6F-4FD0-9B18-344C4F455217}.Release|Any CPU.Build.0 = Release|Any CPU
	EndGlobalSection
	GlobalSection(SolutionProperties) = preSolution
		HideSolutionNode = FALSE
	EndGlobalSection
	GlobalSection(NestedProjects) = preSolution
		{6B9E9449-E2C6-49A8-99A5-1C8ACB0F7405} = {6C0DC637-F477-4A98-A1B1-6799F01CE441}
		{5E13DFF7-CD36-4CD6-B3B6-FF489A9A51E7} = {6C0DC637-F477-4A98-A1B1-6799F01CE441}
		{4B00E9CE-FE51-4222-ADED-755E83F0CB70} = {6C0DC637-F477-4A98-A1B1-6799F01CE441}
		{128A6572-F3EE-4263-9E3B-CD46D10A9D1D} = {6C0DC637-F477-4A98-A1B1-6799F01CE441}
		{8AA16203-91CA-4E3D-BEDA-0C45BC15AD1E} = {6C0DC637-F477-4A98-A1B1-6799F01CE441}
		{31C036CC-6211-4983-A11F-F56B664DEA6E} = {6C0DC637-F477-4A98-A1B1-6799F01CE441}
		{23E74E90-F14E-471D-8E94-1EFCFF92FA82} = {6C0DC637-F477-4A98-A1B1-6799F01CE441}
		{8D5EE17E-426B-4E05-BBA0-B9FBCD3636B7} = {6C0DC637-F477-4A98-A1B1-6799F01CE441}
		{1788F0D6-440F-4C2F-85AE-77C4FC93076D} = {2F7AE032-F372-4414-AD5B-523BD658E109}
		{5BA44DBE-6561-4C1D-9DC7-5A4C829C6849} = {879BEAD8-3C66-493F-9426-CE34A3D2CFE3}
		{C66AD1AB-2E51-488C-AD73-F0A604ABA1D2} = {C478C745-4692-4718-8BEF-92C8BEF66490}
		{6D78B91C-AB6F-4FD0-9B18-344C4F455217} = {F8211B78-8D9D-421F-AB96-34626A6354DF}
	EndGlobalSection
	GlobalSection(ExtensibilityGlobals) = postSolution
		SolutionGuid = {C8B6EA7C-A9FB-48D4-B07E-163E7DA5F41B}
	EndGlobalSection
EndGlobal
